
Microsoft Visual Studio Solution File, Format Version 12.00
# Visual Studio 15
VisualStudioVersion = 15.0.27428.2005
MinimumVisualStudioVersion = 10.0.40219.1
Project("{9A19103F-16F7-4668-BE54-9A1E7A4F7556}") = "AdvancedMath2926", "AdvancedMath2926\AdvancedMath2926.csproj", "{A1478E67-7ADD-4745-A8C8-7C203EBDC0FD}"
EndProject
Project("{FAE04EC0-301F-11D3-BF4B-00C04F79EFBC}") = "DLLTest2926", "DLLTest2926\DLLTest2926.csproj", "{4771D17B-88CD-437D-BD3D-31EFBE8EA0B3}"
EndProject
Global
	GlobalSection(SolutionConfigurationPlatforms) = preSolution
		Debug|Any CPU = Debug|Any CPU
		Release|Any CPU = Release|Any CPU
	EndGlobalSection
	GlobalSection(ProjectConfigurationPlatforms) = postSolution
		{A1478E67-7ADD-4745-A8C8-7C203EBDC0FD}.Debug|Any CPU.ActiveCfg = Debug|Any CPU
		{A1478E67-7ADD-4745-A8C8-7C203EBDC0FD}.Debug|Any CPU.Build.0 = Debug|Any CPU
		{A1478E67-7ADD-4745-A8C8-7C203EBDC0FD}.Release|Any CPU.ActiveCfg = Release|Any CPU
		{A1478E67-7ADD-4745-A8C8-7C203EBDC0FD}.Release|Any CPU.Build.0 = Release|Any CPU
		{4771D17B-88CD-437D-BD3D-31EFBE8EA0B3}.Debug|Any CPU.ActiveCfg = Debug|Any CPU
		{4771D17B-88CD-437D-BD3D-31EFBE8EA0B3}.Debug|Any CPU.Build.0 = Debug|Any CPU
		{4771D17B-88CD-437D-BD3D-31EFBE8EA0B3}.Release|Any CPU.ActiveCfg = Release|Any CPU
		{4771D17B-88CD-437D-BD3D-31EFBE8EA0B3}.Release|Any CPU.Build.0 = Release|Any CPU
	EndGlobalSection
	GlobalSection(SolutionProperties) = preSolution
		HideSolutionNode = FALSE
	EndGlobalSection
	GlobalSection(ExtensibilityGlobals) = postSolution
		SolutionGuid = {E328269B-7D84-4DB4-87EE-3D50647B9342}
	EndGlobalSection
EndGlobal
